// !$*UTF8*$!
{
	archiveVersion = 1;
	classes = {
	};
	objectVersion = 50;
	objects = {

/* Begin PBXBuildFile section */
		174EF40022C8F4E500EBBE22 /* AppDelegate.m in Sources */ = {isa = PBXBuildFile; fileRef = 174EF3FF22C8F4E500EBBE22 /* AppDelegate.m */; };
		174EF40322C8F4E500EBBE22 /* ViewController.m in Sources */ = {isa = PBXBuildFile; fileRef = 174EF40222C8F4E500EBBE22 /* ViewController.m */; };
		174EF40622C8F4E500EBBE22 /* Main.storyboard in Resources */ = {isa = PBXBuildFile; fileRef = 174EF40422C8F4E500EBBE22 /* Main.storyboard */; };
		174EF40822C8F4E800EBBE22 /* Assets.xcassets in Resources */ = {isa = PBXBuildFile; fileRef = 174EF40722C8F4E800EBBE22 /* Assets.xcassets */; };
		174EF40B22C8F4E800EBBE22 /* LaunchScreen.storyboard in Resources */ = {isa = PBXBuildFile; fileRef = 174EF40922C8F4E800EBBE22 /* LaunchScreen.storyboard */; };
		174EF40E22C8F4E800EBBE22 /* main.m in Sources */ = {isa = PBXBuildFile; fileRef = 174EF40D22C8F4E800EBBE22 /* main.m */; };
		174EF41822C8F4E800EBBE22 /* CategoryTests.m in Sources */ = {isa = PBXBuildFile; fileRef = 174EF41722C8F4E800EBBE22 /* CategoryTests.m */; };
		174EF42322C8F4E800EBBE22 /* CategoryUITests.m in Sources */ = {isa = PBXBuildFile; fileRef = 174EF42222C8F4E800EBBE22 /* CategoryUITests.m */; };
		174EF43522C8F71C00EBBE22 /* UIImageView+DefaultImage.m in Sources */ = {isa = PBXBuildFile; fileRef = 174EF43422C8F71C00EBBE22 /* UIImageView+DefaultImage.m */; };
/* End PBXBuildFile section */

/* Begin PBXContainerItemProxy section */
		174EF41422C8F4E800EBBE22 /* PBXContainerItemProxy */ = {
			isa = PBXContainerItemProxy;
			containerPortal = 174EF3F322C8F4E500EBBE22 /* Project object */;
			proxyType = 1;
			remoteGlobalIDString = 174EF3FA22C8F4E500EBBE22;
			remoteInfo = Category;
		};
		174EF41F22C8F4E800EBBE22 /* PBXContainerItemProxy */ = {
			isa = PBXContainerItemProxy;
			containerPortal = 174EF3F322C8F4E500EBBE22 /* Project object */;
			proxyType = 1;
			remoteGlobalIDString = 174EF3FA22C8F4E500EBBE22;
			remoteInfo = Category;
		};
/* End PBXContainerItemProxy section */

/* Begin PBXFileReference section */
		174EF3FB22C8F4E500EBBE22 /* Category.app */ = {isa = PBXFileReference; explicitFileType = wrapper.application; includeInIndex = 0; path = Category.app; sourceTree = BUILT_PRODUCTS_DIR; };
		174EF3FE22C8F4E500EBBE22 /* AppDelegate.h */ = {isa = PBXFileReference; lastKnownFileType = sourcecode.c.h; path = AppDelegate.h; sourceTree = "<group>"; };
		174EF3FF22C8F4E500EBBE22 /* AppDelegate.m */ = {isa = PBXFileReference; lastKnownFileType = sourcecode.c.objc; path = AppDelegate.m; sourceTree = "<group>"; };
		174EF40122C8F4E500EBBE22 /* ViewController.h */ = {isa = PBXFileReference; lastKnownFileType = sourcecode.c.h; path = ViewController.h; sourceTree = "<group>"; };
		174EF40222C8F4E500EBBE22 /* ViewController.m */ = {isa = PBXFileReference; lastKnownFileType = sourcecode.c.objc; path = ViewController.m; sourceTree = "<group>"; };
		174EF40522C8F4E500EBBE22 /* Base */ = {isa = PBXFileReference; lastKnownFileType = file.storyboard; name = Base; path = Base.lproj/Main.storyboard; sourceTree = "<group>"; };
		174EF40722C8F4E800EBBE22 /* Assets.xcassets */ = {isa = PBXFileReference; lastKnownFileType = folder.assetcatalog; path = Assets.xcassets; sourceTree = "<group>"; };
		174EF40A22C8F4E800EBBE22 /* Base */ = {isa = PBXFileReference; lastKnownFileType = file.storyboard; name = Base; path = Base.lproj/LaunchScreen.storyboard; sourceTree = "<group>"; };
		174EF40C22C8F4E800EBBE22 /* Info.plist */ = {isa = PBXFileReference; lastKnownFileType = text.plist.xml; path = Info.plist; sourceTree = "<group>"; };
		174EF40D22C8F4E800EBBE22 /* main.m */ = {isa = PBXFileReference; lastKnownFileType = sourcecode.c.objc; path = main.m; sourceTree = "<group>"; };
		174EF41322C8F4E800EBBE22 /* CategoryTests.xctest */ = {isa = PBXFileReference; explicitFileType = wrapper.cfbundle; includeInIndex = 0; path = CategoryTests.xctest; sourceTree = BUILT_PRODUCTS_DIR; };
		174EF41722C8F4E800EBBE22 /* CategoryTests.m */ = {isa = PBXFileReference; lastKnownFileType = sourcecode.c.objc; path = CategoryTests.m; sourceTree = "<group>"; };
		174EF41922C8F4E800EBBE22 /* Info.plist */ = {isa = PBXFileReference; lastKnownFileType = text.plist.xml; path = Info.plist; sourceTree = "<group>"; };
		174EF41E22C8F4E800EBBE22 /* CategoryUITests.xctest */ = {isa = PBXFileReference; explicitFileType = wrapper.cfbundle; includeInIndex = 0; path = CategoryUITests.xctest; sourceTree = BUILT_PRODUCTS_DIR; };
		174EF42222C8F4E800EBBE22 /* CategoryUITests.m */ = {isa = PBXFileReference; lastKnownFileType = sourcecode.c.objc; path = CategoryUITests.m; sourceTree = "<group>"; };
		174EF42422C8F4E800EBBE22 /* Info.plist */ = {isa = PBXFileReference; lastKnownFileType = text.plist.xml; path = Info.plist; sourceTree = "<group>"; };
		174EF43322C8F71C00EBBE22 /* UIImageView+DefaultImage.h */ = {isa = PBXFileReference; lastKnownFileType = sourcecode.c.h; path = "UIImageView+DefaultImage.h"; sourceTree = "<group>"; };
		174EF43422C8F71C00EBBE22 /* UIImageView+DefaultImage.m */ = {isa = PBXFileReference; lastKnownFileType = sourcecode.c.objc; path = "UIImageView+DefaultImage.m"; sourceTree = "<group>"; };
/* End PBXFileReference section */

/* Begin PBXFrameworksBuildPhase section */
		174EF3F822C8F4E500EBBE22 /* Frameworks */ = {
			isa = PBXFrameworksBuildPhase;
			buildActionMask = 2147483647;
			files = (
			);
			runOnlyForDeploymentPostprocessing = 0;
		};
		174EF41022C8F4E800EBBE22 /* Frameworks */ = {
			isa = PBXFrameworksBuildPhase;
			buildActionMask = 2147483647;
			files = (
			);
			runOnlyForDeploymentPostprocessing = 0;
		};
		174EF41B22C8F4E800EBBE22 /* Frameworks */ = {
			isa = PBXFrameworksBuildPhase;
			buildActionMask = 2147483647;
			files = (
			);
			runOnlyForDeploymentPostprocessing = 0;
		};
/* End PBXFrameworksBuildPhase section */

/* Begin PBXGroup section */
		174EF3F222C8F4E500EBBE22 = {
			isa = PBXGroup;
			children = (
				174EF3FD22C8F4E500EBBE22 /* Category */,
				174EF41622C8F4E800EBBE22 /* CategoryTests */,
				174EF42122C8F4E800EBBE22 /* CategoryUITests */,
				174EF3FC22C8F4E500EBBE22 /* Products */,
			);
			sourceTree = "<group>";
		};
		174EF3FC22C8F4E500EBBE22 /* Products */ = {
			isa = PBXGroup;
			children = (
				174EF3FB22C8F4E500EBBE22 /* Category.app */,
				174EF41322C8F4E800EBBE22 /* CategoryTests.xctest */,
				174EF41E22C8F4E800EBBE22 /* CategoryUITests.xctest */,
			);
			name = Products;
			sourceTree = "<group>";
		};
		174EF3FD22C8F4E500EBBE22 /* Category */ = {
			isa = PBXGroup;
			children = (
				174EF3FE22C8F4E500EBBE22 /* AppDelegate.h */,
				174EF3FF22C8F4E500EBBE22 /* AppDelegate.m */,
				174EF40122C8F4E500EBBE22 /* ViewController.h */,
				174EF40222C8F4E500EBBE22 /* ViewController.m */,
				174EF40422C8F4E500EBBE22 /* Main.storyboard */,
				174EF40722C8F4E800EBBE22 /* Assets.xcassets */,
				174EF40922C8F4E800EBBE22 /* LaunchScreen.storyboard */,
				174EF40C22C8F4E800EBBE22 /* Info.plist */,
				174EF40D22C8F4E800EBBE22 /* main.m */,
				174EF43322C8F71C00EBBE22 /* UIImageView+DefaultImage.h */,
				174EF43422C8F71C00EBBE22 /* UIImageView+DefaultImage.m */,
			);
			path = Category;
			sourceTree = "<group>";
		};
		174EF41622C8F4E800EBBE22 /* CategoryTests */ = {
			isa = PBXGroup;
			children = (
				174EF41722C8F4E800EBBE22 /* CategoryTests.m */,
				174EF41922C8F4E800EBBE22 /* Info.plist */,
			);
			path = CategoryTests;
			sourceTree = "<group>";
		};
		174EF42122C8F4E800EBBE22 /* CategoryUITests */ = {
			isa = PBXGroup;
			children = (
				174EF42222C8F4E800EBBE22 /* CategoryUITests.m */,
				174EF42422C8F4E800EBBE22 /* Info.plist */,
			);
			path = CategoryUITests;
			sourceTree = "<group>";
		};
/* End PBXGroup section */

/* Begin PBXNativeTarget section */
		174EF3FA22C8F4E500EBBE22 /* Category */ = {
			isa = PBXNativeTarget;
			buildConfigurationList = 174EF42722C8F4E800EBBE22 /* Build configuration list for PBXNativeTarget "Category" */;
			buildPhases = (
				174EF3F722C8F4E500EBBE22 /* Sources */,
				174EF3F822C8F4E500EBBE22 /* Frameworks */,
				174EF3F922C8F4E500EBBE22 /* Resources */,
			);
			buildRules = (
			);
			dependencies = (
			);
			name = Category;
			productName = Category;
			productReference = 174EF3FB22C8F4E500EBBE22 /* Category.app */;
			productType = "com.apple.product-type.application";
		};
		174EF41222C8F4E800EBBE22 /* CategoryTests */ = {
			isa = PBXNativeTarget;
			buildConfigurationList = 174EF42A22C8F4E800EBBE22 /* Build configuration list for PBXNativeTarget "CategoryTests" */;
			buildPhases = (
				174EF40F22C8F4E800EBBE22 /* Sources */,
				174EF41022C8F4E800EBBE22 /* Frameworks */,
				174EF41122C8F4E800EBBE22 /* Resources */,
			);
			buildRules = (
			);
			dependencies = (
				174EF41522C8F4E800EBBE22 /* PBXTargetDependency */,
			);
			name = CategoryTests;
			productName = CategoryTests;
			productReference = 174EF41322C8F4E800EBBE22 /* CategoryTests.xctest */;
			productType = "com.apple.product-type.bundle.unit-test";
		};
		174EF41D22C8F4E800EBBE22 /* CategoryUITests */ = {
			isa = PBXNativeTarget;
			buildConfigurationList = 174EF42D22C8F4E800EBBE22 /* Build configuration list for PBXNativeTarget "CategoryUITests" */;
			buildPhases = (
				174EF41A22C8F4E800EBBE22 /* Sources */,
				174EF41B22C8F4E800EBBE22 /* Frameworks */,
				174EF41C22C8F4E800EBBE22 /* Resources */,
			);
			buildRules = (
			);
			dependencies = (
				174EF42022C8F4E800EBBE22 /* PBXTargetDependency */,
			);
			name = CategoryUITests;
			productName = CategoryUITests;
			productReference = 174EF41E22C8F4E800EBBE22 /* CategoryUITests.xctest */;
			productType = "com.apple.product-type.bundle.ui-testing";
		};
/* End PBXNativeTarget section */

/* Begin PBXProject section */
		174EF3F322C8F4E500EBBE22 /* Project object */ = {
			isa = PBXProject;
			attributes = {
				LastUpgradeCheck = 1010;
				ORGANIZATIONNAME = Shae;
				TargetAttributes = {
					174EF3FA22C8F4E500EBBE22 = {
						CreatedOnToolsVersion = 10.1;
					};
					174EF41222C8F4E800EBBE22 = {
						CreatedOnToolsVersion = 10.1;
						TestTargetID = 174EF3FA22C8F4E500EBBE22;
					};
					174EF41D22C8F4E800EBBE22 = {
						CreatedOnToolsVersion = 10.1;
						TestTargetID = 174EF3FA22C8F4E500EBBE22;
					};
				};
			};
			buildConfigurationList = 174EF3F622C8F4E500EBBE22 /* Build configuration list for PBXProject "Category" */;
			compatibilityVersion = "Xcode 9.3";
			developmentRegion = en;
			hasScannedForEncodings = 0;
			knownRegions = (
				en,
				Base,
			);
			mainGroup = 174EF3F222C8F4E500EBBE22;
			productRefGroup = 174EF3FC22C8F4E500EBBE22 /* Products */;
			projectDirPath = "";
			projectRoot = "";
			targets = (
				174EF3FA22C8F4E500EBBE22 /* Category */,
				174EF41222C8F4E800EBBE22 /* CategoryTests */,
				174EF41D22C8F4E800EBBE22 /* CategoryUITests */,
			);
		};
/* End PBXProject section */

/* Begin PBXResourcesBuildPhase section */
		174EF3F922C8F4E500EBBE22 /* Resources */ = {
			isa = PBXResourcesBuildPhase;
			buildActionMask = 2147483647;
			files = (
				174EF40B22C8F4E800EBBE22 /* LaunchScreen.storyboard in Resources */,
				174EF40822C8F4E800EBBE22 /* Assets.xcassets in Resources */,
				174EF40622C8F4E500EBBE22 /* Main.storyboard in Resources */,
			);
			runOnlyForDeploymentPostprocessing = 0;
		};
		174EF41122C8F4E800EBBE22 /* Resources */ = {
			isa = PBXResourcesBuildPhase;
			buildActionMask = 2147483647;
			files = (
			);
			runOnlyForDeploymentPostprocessing = 0;
		};
		174EF41C22C8F4E800EBBE22 /* Resources */ = {
			isa = PBXResourcesBuildPhase;
			buildActionMask = 2147483647;
			files = (
			);
			runOnlyForDeploymentPostprocessing = 0;
		};
/* End PBXResourcesBuildPhase section */

/* Begin PBXSourcesBuildPhase section */
		174EF3F722C8F4E500EBBE22 /* Sources */ = {
			isa = PBXSourcesBuildPhase;
			buildActionMask = 2147483647;
			files = (
				174EF43522C8F71C00EBBE22 /* UIImageView+DefaultImage.m in Sources */,
				174EF40322C8F4E500EBBE22 /* ViewController.m in Sources */,
				174EF40E22C8F4E800EBBE22 /* main.m in Sources */,
				174EF40022C8F4E500EBBE22 /* AppDelegate.m in Sources */,
			);
			runOnlyForDeploymentPostprocessing = 0;
		};
		174EF40F22C8F4E800EBBE22 /* Sources */ = {
			isa = PBXSourcesBuildPhase;
			buildActionMask = 2147483647;
			files = (
				174EF41822C8F4E800EBBE22 /* CategoryTests.m in Sources */,
			);
			runOnlyForDeploymentPostprocessing = 0;
		};
		174EF41A22C8F4E800EBBE22 /* Sources */ = {
			isa = PBXSourcesBuildPhase;
			buildActionMask = 2147483647;
			files = (
				174EF42322C8F4E800EBBE22 /* CategoryUITests.m in Sources */,
			);
			runOnlyForDeploymentPostprocessing = 0;
		};
/* End PBXSourcesBuildPhase section */

/* Begin PBXTargetDependency section */
		174EF41522C8F4E800EBBE22 /* PBXTargetDependency */ = {
			isa = PBXTargetDependency;
			target = 174EF3FA22C8F4E500EBBE22 /* Category */;
			targetProxy = 174EF41422C8F4E800EBBE22 /* PBXContainerItemProxy */;
		};
		174EF42022C8F4E800EBBE22 /* PBXTargetDependency */ = {
			isa = PBXTargetDependency;
			target = 174EF3FA22C8F4E500EBBE22 /* Category */;
			targetProxy = 174EF41F22C8F4E800EBBE22 /* PBXContainerItemProxy */;
		};
/* End PBXTargetDependency section */

/* Begin PBXVariantGroup section */
		174EF40422C8F4E500EBBE22 /* Main.storyboard */ = {
			isa = PBXVariantGroup;
			children = (
				174EF40522C8F4E500EBBE22 /* Base */,
			);
			name = Main.storyboard;
			sourceTree = "<group>";
		};
		174EF40922C8F4E800EBBE22 /* LaunchScreen.storyboard */ = {
			isa = PBXVariantGroup;
			children = (
				174EF40A22C8F4E800EBBE22 /* Base */,
			);
			name = LaunchScreen.storyboard;
			sourceTree = "<group>";
		};
/* End PBXVariantGroup section */

/* Begin XCBuildConfiguration section */
		174EF42522C8F4E800EBBE22 /* Debug */ = {
			isa = XCBuildConfiguration;
			buildSettings = {
				ALWAYS_SEARCH_USER_PATHS = NO;
				CLANG_ANALYZER_NONNULL = YES;
				CLANG_ANALYZER_NUMBER_OBJECT_CONVERSION = YES_AGGRESSIVE;
				CLANG_CXX_LANGUAGE_STANDARD = "gnu++14";
				CLANG_CXX_LIBRARY = "libc++";
				CLANG_ENABLE_MODULES = YES;
				CLANG_ENABLE_OBJC_ARC = YES;
				CLANG_ENABLE_OBJC_WEAK = YES;
				CLANG_WARN_BLOCK_CAPTURE_AUTORELEASING = YES;
				CLANG_WARN_BOOL_CONVERSION = YES;
				CLANG_WARN_COMMA = YES;
				CLANG_WARN_CONSTANT_CONVERSION = YES;
				CLANG_WARN_DEPRECATED_OBJC_IMPLEMENTATIONS = YES;
				CLANG_WARN_DIRECT_OBJC_ISA_USAGE = YES_ERROR;
				CLANG_WARN_DOCUMENTATION_COMMENTS = YES;
				CLANG_WARN_EMPTY_BODY = YES;
				CLANG_WARN_ENUM_CONVERSION = YES;
				CLANG_WARN_INFINITE_RECURSION = YES;
				CLANG_WARN_INT_CONVERSION = YES;
				CLANG_WARN_NON_LITERAL_NULL_CONVERSION = YES;
				CLANG_WARN_OBJC_IMPLICIT_RETAIN_SELF = YES;
				CLANG_WARN_OBJC_LITERAL_CONVERSION = YES;
				CLANG_WARN_OBJC_ROOT_CLASS = YES_ERROR;
				CLANG_WARN_RANGE_LOOP_ANALYSIS = YES;
				CLANG_WARN_STRICT_PROTOTYPES = YES;
				CLANG_WARN_SUSPICIOUS_MOVE = YES;
				CLANG_WARN_UNGUARDED_AVAILABILITY = YES_AGGRESSIVE;
				CLANG_WARN_UNREACHABLE_CODE = YES;
				CLANG_WARN__DUPLICATE_METHOD_MATCH = YES;
				CODE_SIGN_IDENTITY = "iPhone Developer";
				COPY_PHASE_STRIP = NO;
				DEBUG_INFORMATION_FORMAT = dwarf;
				ENABLE_STRICT_OBJC_MSGSEND = YES;
				ENABLE_TESTABILITY = YES;
				GCC_C_LANGUAGE_STANDARD = gnu11;
				GCC_DYNAMIC_NO_PIC = NO;
				GCC_NO_COMMON_BLOCKS = YES;
				GCC_OPTIMIZATION_LEVEL = 0;
				GCC_PREPROCESSOR_DEFINITIONS = (
					"DEBUG=1",
					"$(inherited)",
				);
				GCC_WARN_64_TO_32_BIT_CONVERSION = YES;
				GCC_WARN_ABOUT_RETURN_TYPE = YES_ERROR;
				GCC_WARN_UNDECLARED_SELECTOR = YES;
				GCC_WARN_UNINITIALIZED_AUTOS = YES_AGGRESSIVE;
				GCC_WARN_UNUSED_FUNCTION = YES;
				GCC_WARN_UNUSED_VARIABLE = YES;
				IPHONEOS_DEPLOYMENT_TARGET = 12.1;
				MTL_ENABLE_DEBUG_INFO = INCLUDE_SOURCE;
				MTL_FAST_MATH = YES;
				ONLY_ACTIVE_ARCH = YES;
				SDKROOT = iphoneos;
			};
			name = Debug;
		};
		174EF42622C8F4E800EBBE22 /* Release */ = {
			isa = XCBuildConfiguration;
			buildSettings = {
				ALWAYS_SEARCH_USER_PATHS = NO;
				CLANG_ANALYZER_NONNULL = YES;
				CLANG_ANALYZER_NUMBER_OBJECT_CONVERSION = YES_AGGRESSIVE;
				CLANG_CXX_LANGUAGE_STANDARD = "gnu++14";
				CLANG_CXX_LIBRARY = "libc++";
				CLANG_ENABLE_MODULES = YES;
				CLANG_ENABLE_OBJC_ARC = YES;
				CLANG_ENABLE_OBJC_WEAK = YES;
				CLANG_WARN_BLOCK_CAPTURE_AUTORELEASING = YES;
				CLANG_WARN_BOOL_CONVERSION = YES;
				CLANG_WARN_COMMA = YES;
				CLANG_WARN_CONSTANT_CONVERSION = YES;
				CLANG_WARN_DEPRECATED_OBJC_IMPLEMENTATIONS = YES;
				CLANG_WARN_DIRECT_OBJC_ISA_USAGE = YES_ERROR;
				CLANG_WARN_DOCUMENTATION_COMMENTS = YES;
				CLANG_WARN_EMPTY_BODY = YES;
				CLANG_WARN_ENUM_CONVERSION = YES;
				CLANG_WARN_INFINITE_RECURSION = YES;
				CLANG_WARN_INT_CONVERSION = YES;
				CLANG_WARN_NON_LITERAL_NULL_CONVERSION = YES;
				CLANG_WARN_OBJC_IMPLICIT_RETAIN_SELF = YES;
				CLANG_WARN_OBJC_LITERAL_CONVERSION = YES;
				CLANG_WARN_OBJC_ROOT_CLASS = YES_ERROR;
				CLANG_WARN_RANGE_LOOP_ANALYSIS = YES;
				CLANG_WARN_STRICT_PROTOTYPES = YES;
				CLANG_WARN_SUSPICIOUS_MOVE = YES;
				CLANG_WARN_UNGUARDED_AVAILABILITY = YES_AGGRESSIVE;
				CLANG_WARN_UNREACHABLE_CODE = YES;
				CLANG_WARN__DUPLICATE_METHOD_MATCH = YES;
				CODE_SIGN_IDENTITY = "iPhone Developer";
				COPY_PHASE_STRIP = NO;
				DEBUG_INFORMATION_FORMAT = "dwarf-with-dsym";
				ENABLE_NS_ASSERTIONS = NO;
				ENABLE_STRICT_OBJC_MSGSEND = YES;
				GCC_C_LANGUAGE_STANDARD = gnu11;
				GCC_NO_COMMON_BLOCKS = YES;
				GCC_WARN_64_TO_32_BIT_CONVERSION = YES;
				GCC_WARN_ABOUT_RETURN_TYPE = YES_ERROR;
				GCC_WARN_UNDECLARED_SELECTOR = YES;
				GCC_WARN_UNINITIALIZED_AUTOS = YES_AGGRESSIVE;
				GCC_WARN_UNUSED_FUNCTION = YES;
				GCC_WARN_UNUSED_VARIABLE = YES;
				IPHONEOS_DEPLOYMENT_TARGET = 12.1;
				MTL_ENABLE_DEBUG_INFO = NO;
				MTL_FAST_MATH = YES;
				SDKROOT = iphoneos;
				VALIDATE_PRODUCT = YES;
			};
			name = Release;
		};
		174EF42822C8F4E800EBBE22 /* Debug */ = {
			isa = XCBuildConfiguration;
			buildSettings = {
				ASSETCATALOG_COMPILER_APPICON_NAME = AppIcon;
				CODE_SIGN_STYLE = Automatic;
				INFOPLIST_FILE = Category/Info.plist;
				LD_RUNPATH_SEARCH_PATHS = (
					"$(inherited)",
					"@executable_path/Frameworks",
				);
				PRODUCT_BUNDLE_IDENTIFIER = Shae.Category;
				PRODUCT_NAME = "$(TARGET_NAME)";
				TARGETED_DEVICE_FAMILY = "1,2";
			};
			name = Debug;
		};
		174EF42922C8F4E800EBBE22 /* Release */ = {
			isa = XCBuildConfiguration;
			buildSettings = {
				ASSETCATALOG_COMPILER_APPICON_NAME = AppIcon;
				CODE_SIGN_STYLE = Automatic;
				INFOPLIST_FILE = Category/Info.plist;
				LD_RUNPATH_SEARCH_PATHS = (
					"$(inherited)",
					"@executable_path/Frameworks",
				);
				PRODUCT_BUNDLE_IDENTIFIER = Shae.Category;
				PRODUCT_NAME = "$(TARGET_NAME)";
				TARGETED_DEVICE_FAMILY = "1,2";
			};
			name = Release;
		};
		174EF42B22C8F4E800EBBE22 /* Debug */ = {
			isa = XCBuildConfiguration;
			buildSettings = {
				BUNDLE_LOADER = "$(TEST_HOST)";
				CODE_SIGN_STYLE = Automatic;
				INFOPLIST_FILE = CategoryTests/Info.plist;
				LD_RUNPATH_SEARCH_PATHS = (
					"$(inherited)",
					"@executable_path/Frameworks",
					"@loader_path/Frameworks",
				);
				PRODUCT_BUNDLE_IDENTIFIER = Shae.CategoryTests;
				PRODUCT_NAME = "$(TARGET_NAME)";
				TARGETED_DEVICE_FAMILY = "1,2";
				TEST_HOST = "$(BUILT_PRODUCTS_DIR)/Category.app/Category";
			};
			name = Debug;
		};
		174EF42C22C8F4E800EBBE22 /* Release */ = {
			isa = XCBuildConfiguration;
			buildSettings = {
				BUNDLE_LOADER = "$(TEST_HOST)";
				CODE_SIGN_STYLE = Automatic;
				INFOPLIST_FILE = CategoryTests/Info.plist;
				LD_RUNPATH_SEARCH_PATHS = (
					"$(inherited)",
					"@executable_path/Frameworks",
					"@loader_path/Frameworks",
				);
				PRODUCT_BUNDLE_IDENTIFIER = Shae.CategoryTests;
				PRODUCT_NAME = "$(TARGET_NAME)";
				TARGETED_DEVICE_FAMILY = "1,2";
				TEST_HOST = "$(BUILT_PRODUCTS_DIR)/Category.app/Category";
			};
			name = Release;
		};
		174EF42E22C8F4E800EBBE22 /* Debug */ = {
			isa = XCBuildConfiguration;
			buildSettings = {
				CODE_SIGN_STYLE = Automatic;
				INFOPLIST_FILE = CategoryUITests/Info.plist;
				LD_RUNPATH_SEARCH_PATHS = (
					"$(inherited)",
					"@executable_path/Frameworks",
					"@loader_path/Frameworks",
				);
				PRODUCT_BUNDLE_IDENTIFIER = Shae.CategoryUITests;
				PRODUCT_NAME = "$(TARGET_NAME)";
				TARGETED_DEVICE_FAMILY = "1,2";
				TEST_TARGET_NAME = Category;
			};
			name = Debug;
		};
		174EF42F22C8F4E800EBBE22 /* Release */ = {
			isa = XCBuildConfiguration;
			buildSettings = {
				CODE_SIGN_STYLE = Automatic;
				INFOPLIST_FILE = CategoryUITests/Info.plist;
				LD_RUNPATH_SEARCH_PATHS = (
					"$(inherited)",
					"@executable_path/Frameworks",
					"@loader_path/Frameworks",
				);
				PRODUCT_BUNDLE_IDENTIFIER = Shae.CategoryUITests;
				PRODUCT_NAME = "$(TARGET_NAME)";
				TARGETED_DEVICE_FAMILY = "1,2";
				TEST_TARGET_NAME = Category;
			};
			name = Release;
		};
/* End XCBuildConfiguration section */

/* Begin XCConfigurationList section */
		174EF3F622C8F4E500EBBE22 /* Build configuration list for PBXProject "Category" */ = {
			isa = XCConfigurationList;
			buildConfigurations = (
				174EF42522C8F4E800EBBE22 /* Debug */,
				174EF42622C8F4E800EBBE22 /* Release */,
			);
			defaultConfigurationIsVisible = 0;
			defaultConfigurationName = Release;
		};
		174EF42722C8F4E800EBBE22 /* Build configuration list for PBXNativeTarget "Category" */ = {
			isa = XCConfigurationList;
			buildConfigurations = (
				174EF42822C8F4E800EBBE22 /* Debug */,
				174EF42922C8F4E800EBBE22 /* Release */,
			);
			defaultConfigurationIsVisible = 0;
			defaultConfigurationName = Release;
		};
		174EF42A22C8F4E800EBBE22 /* Build configuration list for PBXNativeTarget "CategoryTests" */ = {
			isa = XCConfigurationList;
			buildConfigurations = (
				174EF42B22C8F4E800EBBE22 /* Debug */,
				174EF42C22C8F4E800EBBE22 /* Release */,
			);
			defaultConfigurationIsVisible = 0;
			defaultConfigurationName = Release;
		};
		174EF42D22C8F4E800EBBE22 /* Build configuration list for PBXNativeTarget "CategoryUITests" */ = {
			isa = XCConfigurationList;
			buildConfigurations = (
				174EF42E22C8F4E800EBBE22 /* Debug */,
				174EF42F22C8F4E800EBBE22 /* Release */,
			);
			defaultConfigurationIsVisible = 0;
			defaultConfigurationName = Release;
		};
/* End XCConfigurationList section */
	};
	rootObject = 174EF3F322C8F4E500EBBE22 /* Project object */;
}
